lockfileVersion: '9.0'

settings:
  autoInstallPeers: true
  excludeLinksFromLockfile: false

importers:

  .:
    dependencies:
      pnpm:
        specifier: ^10.11.0
        version: 10.11.0

packages:

  pnpm@10.11.0:
    resolution: {integrity: sha512-ZUBYP0HMX2KOs9l3Ps7oAvT575kjzEW2mJD7R5kdSwkpZGlOw6T3OKQgyRijMwYsi5JdMS9C5PDCY+tgNVH5dw==}
    engines: {node: '>=18.12'}
    hasBin: true

snapshots:

  pnpm@10.11.0: {}
